PODS:
  - AFNetworking (3.1.0):
    - AFNetworking/NSURLSession (= 3.1.0)
    - AFNetworking/Reachability (= 3.1.0)
    - AFNetworking/Security (= 3.1.0)
    - AFNetworking/Serialization (= 3.1.0)
    - AFNetworking/UIKit (= 3.1.0)
  - AFNetworking/NSURLSession (3.1.0):
    - AFNetworking/Reachability
    - AFNetworking/Security
    - AFNetworking/Serialization
  - AFNetworking/Reachability (3.1.0)
  - AFNetworking/Security (3.1.0)
  - AFNetworking/Serialization (3.1.0)
  - AFNetworking/UIKit (3.1.0):
    - AFNetworking/NSURLSession
  - GoogleMaps (3.1.0):
    - GoogleMaps/Maps (= 3.1.0)
  - GoogleMaps/Base (3.1.0)
  - GoogleMaps/Maps (3.1.0):
    - GoogleMaps/Base
  - GooglePlacePicker (3.1.0):
    - GoogleMaps (= 3.1.0)
    - GooglePlaces (= 3.1.0)
  - GooglePlaces (3.1.0):
    - GoogleMaps/Base (= 3.1.0)
  - JSONModel (1.8.0)
  - PodAsset (1.0.0)
  - Realm (3.13.1):
    - Realm/Headers (= 3.13.1)
  - Realm/Headers (3.13.1)
  - SDWebImage (4.4.2):
    - SDWebImage/Core (= 4.4.2)
  - SDWebImage/Core (4.4.2)
  - SocketRocket (0.5.1)
  - TapTalk (1.0.9):
    - AFNetworking (~> 3.1.0)
    - GoogleMaps
    - GooglePlacePicker
    - GooglePlaces
    - JSONModel (~> 1.1)
    - PodAsset
    - Realm (= 3.13.1)
    - SDWebImage (= 4.4.2)
    - SocketRocket
    - ZBarSDK (~> 1.3)
    - ZSWTappableLabel (~> 2.0)
  - ZBarSDK (1.3.1)
  - ZSWTappableLabel (2.0)

DEPENDENCIES:
  - TapTalk

SPEC REPOS:
  https://github.com/CocoaPods/Specs.git:
    - AFNetworking
    - GoogleMaps
    - GooglePlacePicker
    - GooglePlaces
    - JSONModel
    - PodAsset
    - Realm
    - SDWebImage
    - SocketRocket
    - TapTalk
    - ZBarSDK
    - ZSWTappableLabel

SPEC CHECKSUMS:
  AFNetworking: 5e0e199f73d8626b11e79750991f5d173d1f8b67
  GoogleMaps: 5c13302e6fe6bb6e686b267196586b91cd594225
  GooglePlacePicker: 1c60c2a26e9d1e73bcb0c6f89609db8d777d13c1
  GooglePlaces: e874db179f2675c4f3eeda0b686b540273a578b0
  JSONModel: 02ab723958366a3fd27da57ea2af2113658762e9
  PodAsset: c2c2b20013c1edf698fea2bacba6e75a638537a2
  Realm: 50071da38fe079e0735e47c9f2eae738c68c5996
  SDWebImage: 624d6e296c69b244bcede364c72ae0430ac14681
  SocketRocket: d57c7159b83c3c6655745cd15302aa24b6bae531
  TapTalk: 74b811c92d19c7ba73f261c3b56513c453478322
  ZBarSDK: 4c1b5daeb7d6cc67dc9355e690af0230a661f6ec
  ZSWTappableLabel: cff84c0a55e30f2141f7dac24e5903302a7e35ec

PODFILE CHECKSUM: 516a7e95657a37a0362a2208366f17852d93281a

COCOAPODS: 1.8.3
